
Microsoft Visual Studio Solution File, Format Version 12.00
# Visual Studio Version 16
VisualStudioVersion = 16.0.30907.101
MinimumVisualStudioVersion = 10.0.40219.1
Project("{FAE04EC0-301F-11D3-BF4B-00C04F79EFBC}") = "TestImportWsdl", "TestImportWsdl.csproj", "{74384E11-5BE3-4DDE-A072-EA3695B88AB4}"
EndProject
Global
	GlobalSection(SolutionConfigurationPlatforms) = preSolution
		Debug|Any CPU = Debug|Any CPU
		Release|Any CPU = Release|Any CPU
	EndGlobalSection
	GlobalSection(ProjectConfigurationPlatforms) = postSolution
		{74384E11-5BE3-4DDE-A072-EA3695B88AB4}.Debug|Any CPU.ActiveCfg = Debug|Any CPU
		{74384E11-5BE3-4DDE-A072-EA3695B88AB4}.Debug|Any CPU.Build.0 = Debug|Any CPU
		{74384E11-5BE3-4DDE-A072-EA3695B88AB4}.Release|Any CPU.ActiveCfg = Release|Any CPU
		{74384E11-5BE3-4DDE-A072-EA3695B88AB4}.Release|Any CPU.Build.0 = Release|Any CPU
	EndGlobalSection
	GlobalSection(SolutionProperties) = preSolution
		HideSolutionNode = FALSE
	EndGlobalSection
	GlobalSection(ExtensibilityGlobals) = postSolution
		SolutionGuid = {5E37CF52-C8F7-45C0-80DB-CC1A75BA2606}
	EndGlobalSection
EndGlobal
