
Microsoft Visual Studio Solution File, Format Version 12.00
# Visual Studio 15
VisualStudioVersion = 15.0.28307.902
MinimumVisualStudioVersion = 10.0.40219.1
Project("{FAE04EC0-301F-11D3-BF4B-00C04F79EFBC}") = "MathRC", "MathRC\MathRC.csproj", "{60CE22A5-C6A7-4611-89B5-EF9FE592A4D8}"
EndProject
Global
	GlobalSection(SolutionConfigurationPlatforms) = preSolution
		Debug|Any CPU = Debug|Any CPU
		Release|Any CPU = Release|Any CPU
	EndGlobalSection
	GlobalSection(ProjectConfigurationPlatforms) = postSolution
		{60CE22A5-C6A7-4611-89B5-EF9FE592A4D8}.Debug|Any CPU.ActiveCfg = Debug|Any CPU
		{60CE22A5-C6A7-4611-89B5-EF9FE592A4D8}.Debug|Any CPU.Build.0 = Debug|Any CPU
		{60CE22A5-C6A7-4611-89B5-EF9FE592A4D8}.Release|Any CPU.ActiveCfg = Release|Any CPU
		{60CE22A5-C6A7-4611-89B5-EF9FE592A4D8}.Release|Any CPU.Build.0 = Release|Any CPU
	EndGlobalSection
	GlobalSection(SolutionProperties) = preSolution
		HideSolutionNode = FALSE
	EndGlobalSection
	GlobalSection(ExtensibilityGlobals) = postSolution
		SolutionGuid = {F4805420-D01C-448D-8CF9-DAA2B1CE4061}
	EndGlobalSection
EndGlobal
